
Microsoft Visual Studio Solution File, Format Version 12.00
# Visual Studio Version 17
VisualStudioVersion = 17.14.37111.16
MinimumVisualStudioVersion = 10.0.40219.1
Project("{FAE04EC0-301F-11D3-BF4B-00C04F79EFBC}") = "INF.5120.Arch001.Api", "INF.5120.Arch001.Api\INF.5120.Arch001.Api.csproj", "{F54837B3-6778-43FD-B693-61318E124977}"
EndProject
Project("{2150E333-8FDC-42A3-9474-1A3956D46DE8}") = "src", "src", "{02EA681E-C7D8-13C7-8484-4AC65E1B71E8}"
EndProject
Project("{2150E333-8FDC-42A3-9474-1A3956D46DE8}") = "tests", "tests", "{26D2906A-9C29-4242-9309-5C9649F1E67A}"
EndProject
Project("{FAE04EC0-301F-11D3-BF4B-00C04F79EFBC}") = "INF.5120.Arch001.Infrastructure", "INF.5120.Arch001.Infrastructure\INF.5120.Arch001.Infrastructure.csproj", "{09D824C8-AF6A-4001-B400-E6E122592FD2}"
EndProject
Project("{FAE04EC0-301F-11D3-BF4B-00C04F79EFBC}") = "INF.5120.Arch001.Application", "INF.5120.Arch001.Application\INF.5120.Arch001.Application.csproj", "{27136227-6035-4215-8BE4-C5B613E3C443}"
EndProject
Project("{FAE04EC0-301F-11D3-BF4B-00C04F79EFBC}") = "INF.5120.Arch001.Domain", "INF.5120.Arch001.Domain\INF.5120.Arch001.Domain.csproj", "{F2C774AF-52DC-4FED-98A5-CCC18A5E08FF}"
EndProject
Project("{FAE04EC0-301F-11D3-BF4B-00C04F79EFBC}") = "INF.5120.Arch001.Api.Tests", "INF.5120.Arch001.Api.Tests\INF.5120.Arch001.Api.Tests.csproj", "{F8570FAE-DADF-43B1-94EC-1690E9B59CC7}"
EndProject
Project("{FAE04EC0-301F-11D3-BF4B-00C04F79EFBC}") = "INF.5120.Arch001.Application.Tests", "INF.5120.Arch001.Application.Tests\INF.5120.Arch001.Application.Tests.csproj", "{8D6425EB-E858-4BB9-B188-A1504F5F88FE}"
EndProject
Project("{FAE04EC0-301F-11D3-BF4B-00C04F79EFBC}") = "INF.5120.Arch001.Domain.Tests", "INF.5120.Arch001.Domain.Tests\INF.5120.Arch001.Domain.Tests.csproj", "{77798B36-71A7-4C0A-A997-22B09E4E0647}"
EndProject
Project("{FAE04EC0-301F-11D3-BF4B-00C04F79EFBC}") = "INF.5120.Arch001.Infrastructure.Tests", "INF.5120.Arch001.Infrastructure.Tests\INF.5120.Arch001.Infrastructure.Tests.csproj", "{A8D59265-C2A7-4AFC-B82D-C950F3BC8F2B}"
EndProject
Global
	GlobalSection(SolutionConfigurationPlatforms) = preSolution
		Debug|Any CPU = Debug|Any CPU
		Release|Any CPU = Release|Any CPU
	EndGlobalSection
	GlobalSection(ProjectConfigurationPlatforms) = postSolution
		{F54837B3-6778-43FD-B693-61318E124977}.Debug|Any CPU.ActiveCfg = Debug|Any CPU
		{F54837B3-6778-43FD-B693-61318E124977}.Debug|Any CPU.Build.0 = Debug|Any CPU
		{F54837B3-6778-43FD-B693-61318E124977}.Release|Any CPU.ActiveCfg = Release|Any CPU
		{F54837B3-6778-43FD-B693-61318E124977}.Release|Any CPU.Build.0 = Release|Any CPU
		{09D824C8-AF6A-4001-B400-E6E122592FD2}.Debug|Any CPU.ActiveCfg = Debug|Any CPU
		{09D824C8-AF6A-4001-B400-E6E122592FD2}.Debug|Any CPU.Build.0 = Debug|Any CPU
		{09D824C8-AF6A-4001-B400-E6E122592FD2}.Release|Any CPU.ActiveCfg = Release|Any CPU
		{09D824C8-AF6A-4001-B400-E6E122592FD2}.Release|Any CPU.Build.0 = Release|Any CPU
		{27136227-6035-4215-8BE4-C5B613E3C443}.Debug|Any CPU.ActiveCfg = Debug|Any CPU
		{27136227-6035-4215-8BE4-C5B613E3C443}.Debug|Any CPU.Build.0 = Debug|Any CPU
		{27136227-6035-4215-8BE4-C5B613E3C443}.Release|Any CPU.ActiveCfg = Release|Any CPU
		{27136227-6035-4215-8BE4-C5B613E3C443}.Release|Any CPU.Build.0 = Release|Any CPU
		{F2C774AF-52DC-4FED-98A5-CCC18A5E08FF}.Debug|Any CPU.ActiveCfg = Debug|Any CPU
		{F2C774AF-52DC-4FED-98A5-CCC18A5E08FF}.Debug|Any CPU.Build.0 = Debug|Any CPU
		{F2C774AF-52DC-4FED-98A5-CCC18A5E08FF}.Release|Any CPU.ActiveCfg = Release|Any CPU
		{F2C774AF-52DC-4FED-98A5-CCC18A5E08FF}.Release|Any CPU.Build.0 = Release|Any CPU
		{F8570FAE-DADF-43B1-94EC-1690E9B59CC7}.Debug|Any CPU.ActiveCfg = Debug|Any CPU
		{F8570FAE-DADF-43B1-94EC-1690E9B59CC7}.Debug|Any CPU.Build.0 = Debug|Any CPU
		{F8570FAE-DADF-43B1-94EC-1690E9B59CC7}.Release|Any CPU.ActiveCfg = Release|Any CPU
		{F8570FAE-DADF-43B1-94EC-1690E9B59CC7}.Release|Any CPU.Build.0 = Release|Any CPU
		{8D6425EB-E858-4BB9-B188-A1504F5F88FE}.Debug|Any CPU.ActiveCfg = Debug|Any CPU
		{8D6425EB-E858-4BB9-B188-A1504F5F88FE}.Debug|Any CPU.Build.0 = Debug|Any CPU
		{8D6425EB-E858-4BB9-B188-A1504F5F88FE}.Release|Any CPU.ActiveCfg = Release|Any CPU
		{8D6425EB-E858-4BB9-B188-A1504F5F88FE}.Release|Any CPU.Build.0 = Release|Any CPU
		{77798B36-71A7-4C0A-A997-22B09E4E0647}.Debug|Any CPU.ActiveCfg = Debug|Any CPU
		{77798B36-71A7-4C0A-A997-22B09E4E0647}.Debug|Any CPU.Build.0 = Debug|Any CPU
		{77798B36-71A7-4C0A-A997-22B09E4E0647}.Release|Any CPU.ActiveCfg = Release|Any CPU
		{77798B36-71A7-4C0A-A997-22B09E4E0647}.Release|Any CPU.Build.0 = Release|Any CPU
		{A8D59265-C2A7-4AFC-B82D-C950F3BC8F2B}.Debug|Any CPU.ActiveCfg = Debug|Any CPU
		{A8D59265-C2A7-4AFC-B82D-C950F3BC8F2B}.Debug|Any CPU.Build.0 = Debug|Any CPU
		{A8D59265-C2A7-4AFC-B82D-C950F3BC8F2B}.Release|Any CPU.ActiveCfg = Release|Any CPU
		{A8D59265-C2A7-4AFC-B82D-C950F3BC8F2B}.Release|Any CPU.Build.0 = Release|Any CPU
	EndGlobalSection
	GlobalSection(SolutionProperties) = preSolution
		HideSolutionNode = FALSE
	EndGlobalSection
	GlobalSection(NestedProjects) = preSolution
		{F54837B3-6778-43FD-B693-61318E124977} = {02EA681E-C7D8-13C7-8484-4AC65E1B71E8}
		{09D824C8-AF6A-4001-B400-E6E122592FD2} = {02EA681E-C7D8-13C7-8484-4AC65E1B71E8}
		{27136227-6035-4215-8BE4-C5B613E3C443} = {02EA681E-C7D8-13C7-8484-4AC65E1B71E8}
		{F2C774AF-52DC-4FED-98A5-CCC18A5E08FF} = {02EA681E-C7D8-13C7-8484-4AC65E1B71E8}
		{F8570FAE-DADF-43B1-94EC-1690E9B59CC7} = {26D2906A-9C29-4242-9309-5C9649F1E67A}
		{8D6425EB-E858-4BB9-B188-A1504F5F88FE} = {26D2906A-9C29-4242-9309-5C9649F1E67A}
		{77798B36-71A7-4C0A-A997-22B09E4E0647} = {26D2906A-9C29-4242-9309-5C9649F1E67A}
		{A8D59265-C2A7-4AFC-B82D-C950F3BC8F2B} = {26D2906A-9C29-4242-9309-5C9649F1E67A}
	EndGlobalSection
	GlobalSection(ExtensibilityGlobals) = postSolution
		SolutionGuid = {D0FB1496-1F98-4147-8248-DA43055C8FCB}
	EndGlobalSection
EndGlobal
